
Microsoft Visual Studio Solution File, Format Version 12.00
# Visual Studio Version 17
VisualStudioVersion = 17.1.32319.34
MinimumVisualStudioVersion = 10.0.40219.1
Project("{FAE04EC0-301F-11D3-BF4B-00C04F79EFBC}") = "BijlesPeter", "BijlesPeter\BijlesPeter.csproj", "{30A35AA9-414C-4FBE-8D03-5F2330F52258}"
EndProject
Project("{FAE04EC0-301F-11D3-BF4B-00C04F79EFBC}") = "ProductVerkoop", "ProductVerkoop\ProductVerkoop.csproj", "{EB123E9E-08EE-4A2B-80EA-83936B218004}"
EndProject
Project("{FAE04EC0-301F-11D3-BF4B-00C04F79EFBC}") = "Rufat", "Rufat\Rufat.csproj", "{0181144B-D06B-4FC6-B9BF-F30F8E4CA33A}"
EndProject
Project("{FAE04EC0-301F-11D3-BF4B-00C04F79EFBC}") = "Modulo", "Modulo\Modulo.csproj", "{6F66A271-B9C6-432B-8A9D-25427E177366}"
EndProject
Global
	GlobalSection(SolutionConfigurationPlatforms) = preSolution
		Debug|Any CPU = Debug|Any CPU
		Release|Any CPU = Release|Any CPU
	EndGlobalSection
	GlobalSection(ProjectConfigurationPlatforms) = postSolution
		{30A35AA9-414C-4FBE-8D03-5F2330F52258}.Debug|Any CPU.ActiveCfg = Debug|Any CPU
		{30A35AA9-414C-4FBE-8D03-5F2330F52258}.Debug|Any CPU.Build.0 = Debug|Any CPU
		{30A35AA9-414C-4FBE-8D03-5F2330F52258}.Release|Any CPU.ActiveCfg = Release|Any CPU
		{30A35AA9-414C-4FBE-8D03-5F2330F52258}.Release|Any CPU.Build.0 = Release|Any CPU
		{EB123E9E-08EE-4A2B-80EA-83936B218004}.Debug|Any CPU.ActiveCfg = Debug|Any CPU
		{EB123E9E-08EE-4A2B-80EA-83936B218004}.Debug|Any CPU.Build.0 = Debug|Any CPU
		{EB123E9E-08EE-4A2B-80EA-83936B218004}.Release|Any CPU.ActiveCfg = Release|Any CPU
		{EB123E9E-08EE-4A2B-80EA-83936B218004}.Release|Any CPU.Build.0 = Release|Any CPU
		{0181144B-D06B-4FC6-B9BF-F30F8E4CA33A}.Debug|Any CPU.ActiveCfg = Debug|Any CPU
		{0181144B-D06B-4FC6-B9BF-F30F8E4CA33A}.Debug|Any CPU.Build.0 = Debug|Any CPU
		{0181144B-D06B-4FC6-B9BF-F30F8E4CA33A}.Release|Any CPU.ActiveCfg = Release|Any CPU
		{0181144B-D06B-4FC6-B9BF-F30F8E4CA33A}.Release|Any CPU.Build.0 = Release|Any CPU
		{6F66A271-B9C6-432B-8A9D-25427E177366}.Debug|Any CPU.ActiveCfg = Debug|Any CPU
		{6F66A271-B9C6-432B-8A9D-25427E177366}.Debug|Any CPU.Build.0 = Debug|Any CPU
		{6F66A271-B9C6-432B-8A9D-25427E177366}.Release|Any CPU.ActiveCfg = Release|Any CPU
		{6F66A271-B9C6-432B-8A9D-25427E177366}.Release|Any CPU.Build.0 = Release|Any CPU
	EndGlobalSection
	GlobalSection(SolutionProperties) = preSolution
		HideSolutionNode = FALSE
	EndGlobalSection
	GlobalSection(ExtensibilityGlobals) = postSolution
		SolutionGuid = {5FD810E8-E5D1-47CD-A0E1-22E53834116F}
	EndGlobalSection
EndGlobal
